
Microsoft Visual Studio Solution File, Format Version 12.00
# Visual Studio Version 17
VisualStudioVersion = 17.14.36705.20 d17.14
MinimumVisualStudioVersion = 10.0.40219.1
Project("{FAE04EC0-301F-11D3-BF4B-00C04F79EFBC}") = "CrudTarea3", "CrudTarea3\CrudTarea3.csproj", "{ED2169AD-398F-4BB1-A9B9-A5868EA6D8D9}"
EndProject
Global
	GlobalSection(SolutionConfigurationPlatforms) = preSolution
		Debug|Any CPU = Debug|Any CPU
		Release|Any CPU = Release|Any CPU
	EndGlobalSection
	GlobalSection(ProjectConfigurationPlatforms) = postSolution
		{ED2169AD-398F-4BB1-A9B9-A5868EA6D8D9}.Debug|Any CPU.ActiveCfg = Debug|Any CPU
		{ED2169AD-398F-4BB1-A9B9-A5868EA6D8D9}.Debug|Any CPU.Build.0 = Debug|Any CPU
		{ED2169AD-398F-4BB1-A9B9-A5868EA6D8D9}.Release|Any CPU.ActiveCfg = Release|Any CPU
		{ED2169AD-398F-4BB1-A9B9-A5868EA6D8D9}.Release|Any CPU.Build.0 = Release|Any CPU
	EndGlobalSection
	GlobalSection(SolutionProperties) = preSolution
		HideSolutionNode = FALSE
	EndGlobalSection
	GlobalSection(ExtensibilityGlobals) = postSolution
		SolutionGuid = {C54ED62D-06B3-4626-98C8-549E0F8D2868}
	EndGlobalSection
EndGlobal
